
Microsoft Visual Studio Solution File, Format Version 12.00
# Visual Studio Version 16
VisualStudioVersion = 16.0.31829.152
MinimumVisualStudioVersion = 10.0.40219.1
Project("{9A19103F-16F7-4668-BE54-9A1E7A4F7556}") = "Entities", "Entities\Entities.csproj", "{B5B62310-6090-4993-8E84-F20247663C27}"
EndProject
Project("{9A19103F-16F7-4668-BE54-9A1E7A4F7556}") = "DataAccess", "DataAccess\DataAccess.csproj", "{4AFFB783-EDE4-4694-BF93-D86A23760BAA}"
EndProject
Project("{9A19103F-16F7-4668-BE54-9A1E7A4F7556}") = "Business", "Business\Business.csproj", "{70873D0A-12F8-4F0C-9D32-11A8F970791E}"
EndProject
Project("{9A19103F-16F7-4668-BE54-9A1E7A4F7556}") = "ConsoleUI", "ConsoleUI\ConsoleUI.csproj", "{1951F64F-ECC3-4612-BEB4-F80DA8CC097B}"
EndProject
Project("{9A19103F-16F7-4668-BE54-9A1E7A4F7556}") = "Core", "Core\Core.csproj", "{99A38C39-2F49-48E8-80F0-1D7169FB7CC3}"
EndProject
Project("{FAE04EC0-301F-11D3-BF4B-00C04F79EFBC}") = "WebAPI", "WebAPI\WebAPI.csproj", "{BCCE9C23-10FD-4000-AE71-B15393958B51}"
EndProject
Global
	GlobalSection(SolutionConfigurationPlatforms) = preSolution
		Debug|Any CPU = Debug|Any CPU
		Release|Any CPU = Release|Any CPU
	EndGlobalSection
	GlobalSection(ProjectConfigurationPlatforms) = postSolution
		{B5B62310-6090-4993-8E84-F20247663C27}.Debug|Any CPU.ActiveCfg = Debug|Any CPU
		{B5B62310-6090-4993-8E84-F20247663C27}.Debug|Any CPU.Build.0 = Debug|Any CPU
		{B5B62310-6090-4993-8E84-F20247663C27}.Release|Any CPU.ActiveCfg = Release|Any CPU
		{B5B62310-6090-4993-8E84-F20247663C27}.Release|Any CPU.Build.0 = Release|Any CPU
		{4AFFB783-EDE4-4694-BF93-D86A23760BAA}.Debug|Any CPU.ActiveCfg = Debug|Any CPU
		{4AFFB783-EDE4-4694-BF93-D86A23760BAA}.Debug|Any CPU.Build.0 = Debug|Any CPU
		{4AFFB783-EDE4-4694-BF93-D86A23760BAA}.Release|Any CPU.ActiveCfg = Release|Any CPU
		{4AFFB783-EDE4-4694-BF93-D86A23760BAA}.Release|Any CPU.Build.0 = Release|Any CPU
		{70873D0A-12F8-4F0C-9D32-11A8F970791E}.Debug|Any CPU.ActiveCfg = Debug|Any CPU
		{70873D0A-12F8-4F0C-9D32-11A8F970791E}.Debug|Any CPU.Build.0 = Debug|Any CPU
		{70873D0A-12F8-4F0C-9D32-11A8F970791E}.Release|Any CPU.ActiveCfg = Release|Any CPU
		{70873D0A-12F8-4F0C-9D32-11A8F970791E}.Release|Any CPU.Build.0 = Release|Any CPU
		{1951F64F-ECC3-4612-BEB4-F80DA8CC097B}.Debug|Any CPU.ActiveCfg = Debug|Any CPU
		{1951F64F-ECC3-4612-BEB4-F80DA8CC097B}.Debug|Any CPU.Build.0 = Debug|Any CPU
		{1951F64F-ECC3-4612-BEB4-F80DA8CC097B}.Release|Any CPU.ActiveCfg = Release|Any CPU
		{1951F64F-ECC3-4612-BEB4-F80DA8CC097B}.Release|Any CPU.Build.0 = Release|Any CPU
		{99A38C39-2F49-48E8-80F0-1D7169FB7CC3}.Debug|Any CPU.ActiveCfg = Debug|Any CPU
		{99A38C39-2F49-48E8-80F0-1D7169FB7CC3}.Debug|Any CPU.Build.0 = Debug|Any CPU
		{99A38C39-2F49-48E8-80F0-1D7169FB7CC3}.Release|Any CPU.ActiveCfg = Release|Any CPU
		{99A38C39-2F49-48E8-80F0-1D7169FB7CC3}.Release|Any CPU.Build.0 = Release|Any CPU
		{BCCE9C23-10FD-4000-AE71-B15393958B51}.Debug|Any CPU.ActiveCfg = Debug|Any CPU
		{BCCE9C23-10FD-4000-AE71-B15393958B51}.Debug|Any CPU.Build.0 = Debug|Any CPU
		{BCCE9C23-10FD-4000-AE71-B15393958B51}.Release|Any CPU.ActiveCfg = Release|Any CPU
		{BCCE9C23-10FD-4000-AE71-B15393958B51}.Release|Any CPU.Build.0 = Release|Any CPU
	EndGlobalSection
	GlobalSection(SolutionProperties) = preSolution
		HideSolutionNode = FALSE
	EndGlobalSection
	GlobalSection(ExtensibilityGlobals) = postSolution
		SolutionGuid = {119DDC48-298C-4444-A086-BDAFD8029B9C}
	EndGlobalSection
EndGlobal
